
Microsoft Visual Studio Solution File, Format Version 12.00
# Visual Studio Version 17
VisualStudioVersion = 17.5.33530.505
MinimumVisualStudioVersion = 10.0.40219.1
Project("{2150E333-8FDC-42A3-9474-1A3956D46DE8}") = "Solution Items", "Solution Items", "{AAC81A5B-08E1-45E1-8DFB-8B44CA9F2610}"
	ProjectSection(SolutionItems) = preProject
		Deploy-NpsPlugin.ps1 = Deploy-NpsPlugin.ps1
		deploy.cmd = deploy.cmd
		NoMFAGroups.reg = NoMFAGroups.reg
		README.md = README.md
	EndProjectSection
EndProject
Project("{8BC9CEB8-8B4A-11D0-8D11-00A0C91BC942}") = "Omni2FA.NPS.Plugin", "Omni2FA.NPS.Plugin\Omni2FA.NPS.Plugin.vcxproj", "{5B30C070-A04F-4289-83DD-2C06E2534FEC}"
EndProject
Project("{FAE04EC0-301F-11D3-BF4B-00C04F79EFBC}") = "Omni2FA.Adapter", "Omni2FA.Adapter\Omni2FA.Adapter.csproj", "{9594C3BC-6D4A-489C-86AC-3EB2EB019057}"
EndProject
Project("{FAE04EC0-301F-11D3-BF4B-00C04F79EFBC}") = "Omni2FA.AuthClient", "Omni2FA.AuthClient\Omni2FA.AuthClient.csproj", "{76AF0A05-C47C-4F32-8008-4D09689F5892}"
EndProject
Project("{FAE04EC0-301F-11D3-BF4B-00C04F79EFBC}") = "Omni2FA.AuthClient.Tests", "Omni2FA.AuthClient.Tests\Omni2FA.AuthClient.Tests.csproj", "{E0483DD5-EA56-447D-B594-CCE5089560D2}"
EndProject
Global
	GlobalSection(SolutionConfigurationPlatforms) = preSolution
		Debug|Any CPU = Debug|Any CPU
		Debug|x64 = Debug|x64
		Debug|x86 = Debug|x86
		Release|Any CPU = Release|Any CPU
		Release|x64 = Release|x64
		Release|x86 = Release|x86
	EndGlobalSection
	GlobalSection(ProjectConfigurationPlatforms) = postSolution
		{5B30C070-A04F-4289-83DD-2C06E2534FEC}.Debug|Any CPU.ActiveCfg = Debug|x64
		{5B30C070-A04F-4289-83DD-2C06E2534FEC}.Debug|Any CPU.Build.0 = Debug|x64
		{5B30C070-A04F-4289-83DD-2C06E2534FEC}.Debug|x64.ActiveCfg = Debug|x64
		{5B30C070-A04F-4289-83DD-2C06E2534FEC}.Debug|x64.Build.0 = Debug|x64
		{5B30C070-A04F-4289-83DD-2C06E2534FEC}.Debug|x86.ActiveCfg = Debug|Win32
		{5B30C070-A04F-4289-83DD-2C06E2534FEC}.Debug|x86.Build.0 = Debug|Win32
		{5B30C070-A04F-4289-83DD-2C06E2534FEC}.Release|Any CPU.ActiveCfg = Release|x64
		{5B30C070-A04F-4289-83DD-2C06E2534FEC}.Release|Any CPU.Build.0 = Release|x64
		{5B30C070-A04F-4289-83DD-2C06E2534FEC}.Release|x64.ActiveCfg = Release|x64
		{5B30C070-A04F-4289-83DD-2C06E2534FEC}.Release|x64.Build.0 = Release|x64
		{5B30C070-A04F-4289-83DD-2C06E2534FEC}.Release|x86.ActiveCfg = Release|Win32
		{5B30C070-A04F-4289-83DD-2C06E2534FEC}.Release|x86.Build.0 = Release|Win32
		{9594C3BC-6D4A-489C-86AC-3EB2EB019057}.Debug|Any CPU.ActiveCfg = Debug|Any CPU
		{9594C3BC-6D4A-489C-86AC-3EB2EB019057}.Debug|Any CPU.Build.0 = Debug|Any CPU
		{9594C3BC-6D4A-489C-86AC-3EB2EB019057}.Debug|x64.ActiveCfg = Debug|Any CPU
		{9594C3BC-6D4A-489C-86AC-3EB2EB019057}.Debug|x64.Build.0 = Debug|Any CPU
		{9594C3BC-6D4A-489C-86AC-3EB2EB019057}.Debug|x86.ActiveCfg = Debug|Any CPU
		{9594C3BC-6D4A-489C-86AC-3EB2EB019057}.Debug|x86.Build.0 = Debug|Any CPU
		{9594C3BC-6D4A-489C-86AC-3EB2EB019057}.Release|Any CPU.ActiveCfg = Release|Any CPU
		{9594C3BC-6D4A-489C-86AC-3EB2EB019057}.Release|Any CPU.Build.0 = Release|Any CPU
		{9594C3BC-6D4A-489C-86AC-3EB2EB019057}.Release|x64.ActiveCfg = Release|Any CPU
		{9594C3BC-6D4A-489C-86AC-3EB2EB019057}.Release|x64.Build.0 = Release|Any CPU
		{9594C3BC-6D4A-489C-86AC-3EB2EB019057}.Release|x86.ActiveCfg = Release|Any CPU
		{9594C3BC-6D4A-489C-86AC-3EB2EB019057}.Release|x86.Build.0 = Release|Any CPU
		{76AF0A05-C47C-4F32-8008-4D09689F5892}.Debug|Any CPU.ActiveCfg = Debug|Any CPU
		{76AF0A05-C47C-4F32-8008-4D09689F5892}.Debug|Any CPU.Build.0 = Debug|Any CPU
		{76AF0A05-C47C-4F32-8008-4D09689F5892}.Debug|x64.ActiveCfg = Debug|Any CPU
		{76AF0A05-C47C-4F32-8008-4D09689F5892}.Debug|x64.Build.0 = Debug|Any CPU
		{76AF0A05-C47C-4F32-8008-4D09689F5892}.Debug|x86.ActiveCfg = Debug|Any CPU
		{76AF0A05-C47C-4F32-8008-4D09689F5892}.Debug|x86.Build.0 = Debug|Any CPU
		{76AF0A05-C47C-4F32-8008-4D09689F5892}.Release|Any CPU.ActiveCfg = Release|Any CPU
		{76AF0A05-C47C-4F32-8008-4D09689F5892}.Release|Any CPU.Build.0 = Release|Any CPU
		{76AF0A05-C47C-4F32-8008-4D09689F5892}.Release|x64.ActiveCfg = Release|Any CPU
		{76AF0A05-C47C-4F32-8008-4D09689F5892}.Release|x64.Build.0 = Release|Any CPU
		{76AF0A05-C47C-4F32-8008-4D09689F5892}.Release|x86.ActiveCfg = Release|Any CPU
		{76AF0A05-C47C-4F32-8008-4D09689F5892}.Release|x86.Build.0 = Release|Any CPU
		{E0483DD5-EA56-447D-B594-CCE5089560D2}.Debug|Any CPU.ActiveCfg = Debug|Any CPU
		{E0483DD5-EA56-447D-B594-CCE5089560D2}.Debug|Any CPU.Build.0 = Debug|Any CPU
		{E0483DD5-EA56-447D-B594-CCE5089560D2}.Debug|x64.ActiveCfg = Debug|Any CPU
		{E0483DD5-EA56-447D-B594-CCE5089560D2}.Debug|x64.Build.0 = Debug|Any CPU
		{E0483DD5-EA56-447D-B594-CCE5089560D2}.Debug|x86.ActiveCfg = Debug|Any CPU
		{E0483DD5-EA56-447D-B594-CCE5089560D2}.Debug|x86.Build.0 = Debug|Any CPU
		{E0483DD5-EA56-447D-B594-CCE5089560D2}.Release|Any CPU.ActiveCfg = Release|Any CPU
		{E0483DD5-EA56-447D-B594-CCE5089560D2}.Release|Any CPU.Build.0 = Release|Any CPU
		{E0483DD5-EA56-447D-B594-CCE5089560D2}.Release|x64.ActiveCfg = Release|Any CPU
		{E0483DD5-EA56-447D-B594-CCE5089560D2}.Release|x64.Build.0 = Release|Any CPU
		{E0483DD5-EA56-447D-B594-CCE5089560D2}.Release|x86.ActiveCfg = Release|Any CPU
		{E0483DD5-EA56-447D-B594-CCE5089560D2}.Release|x86.Build.0 = Release|Any CPU
	EndGlobalSection
	GlobalSection(SolutionProperties) = preSolution
		HideSolutionNode = FALSE
	EndGlobalSection
	GlobalSection(ExtensibilityGlobals) = postSolution
		SolutionGuid = {19189171-32DF-4215-8E46-B00BE5BA4110}
	EndGlobalSection
EndGlobal

